<?xml version="1.0" encoding="utf-8"?>
<Project ToolsVersion="4.0" xmlns="http://schemas.microsoft.com/developer/msbuild/2003">
  <ItemGroup>
    <Filter Include="Source Files">
      <UniqueIdentifier>{4FC737F1-C7A5-4376-A066-2A32D752A2FF}</UniqueIdentifier>
      <Extensions>cpp;c;cc;cxx;c++;cppm;ixx;def;odl;idl;hpj;bat;asm;asmx</Extensions>
    </Filter>
    <Filter Include="Header Files">
      <UniqueIdentifier>{93995380-89BD-4b04-88EB-625FBE52EBFB}</UniqueIdentifier>
      <Extensions>h;hh;hpp;hxx;h++;hm;inl;inc;ipp;xsd</Extensions>
    </Filter>
    <Filter Include="Resource Files">
      <UniqueIdentifier>{67DA6AB6-F800-4c08-8B7A-83BB121AAD01}</UniqueIdentifier>
      <Extensions>rc;ico;cur;bmp;dlg;rc2;rct;bin;rgs;gif;jpg;jpeg;jpe;resx;tiff;tif;png;wav;mfcribbon-ms</Extensions>
    </Filter>
    <Filter Include="Local">
      <UniqueIdentifier>{a7030c71-a25b-4e5c-95bd-8be712fed067}</UniqueIdentifier>
    </Filter>
    <Filter Include="Header Files\Entities">
      <UniqueIdentifier>{ed4705e2-cd00-4859-942d-673e3faeeceb}</UniqueIdentifier>
    </Filter>
    <Filter Include="Header Files\Entities\AnimationManagement">
      <UniqueIdentifier>{c0fd3de0-7af0-4b2a-8f24-864359e68b63}</UniqueIdentifier>
    </Filter>
    <Filter Include="Header Files\Entities\Movement">
      <UniqueIdentifier>{889f6742-5a6e-43df-81ae-eff706399786}</UniqueIdentifier>
    </Filter>
    <Filter Include="Header Files\Entities\Creatures">
      <UniqueIdentifier>{d5b32ff6-7e26-4409-88d1-2465ccd4af30}</UniqueIdentifier>
    </Filter>
    <Filter Include="Header Files\Logic">
      <UniqueIdentifier>{b3398165-4b58-4f6d-be1f-b1647273cd9c}</UniqueIdentifier>
    </Filter>
    <Filter Include="Header Files\LevelHandling">
      <UniqueIdentifier>{2c7facf0-7b63-443c-a54f-7f90418837bd}</UniqueIdentifier>
    </Filter>
    <Filter Include="Source Files\Entities">
      <UniqueIdentifier>{936520b9-6f20-4ffe-bc83-4aaf18d80659}</UniqueIdentifier>
    </Filter>
    <Filter Include="Source Files\Entities\AnimationMangement">
      <UniqueIdentifier>{c496cdee-51a4-4c30-abdd-4d0b5f57990a}</UniqueIdentifier>
    </Filter>
    <Filter Include="Source Files\Entities\Movement">
      <UniqueIdentifier>{85a72349-f5e4-4300-a8a8-2a871fbc42c3}</UniqueIdentifier>
    </Filter>
    <Filter Include="Source Files\Entities\Creature">
      <UniqueIdentifier>{691ea612-1696-4a89-bf5e-3db153577c3d}</UniqueIdentifier>
    </Filter>
    <Filter Include="Source Files\Logic">
      <UniqueIdentifier>{1f71a42b-3850-487c-b582-3a0260e45cfa}</UniqueIdentifier>
    </Filter>
    <Filter Include="Source Files\LevelBuilding">
      <UniqueIdentifier>{4c762ade-7019-4bec-b8d8-881c117285bb}</UniqueIdentifier>
    </Filter>
    <Filter Include="Header Files\Helpful">
      <UniqueIdentifier>{c9f2bc82-000d-4792-9252-35ac861e6eec}</UniqueIdentifier>
    </Filter>
    <Filter Include="Header Files\Triggers">
      <UniqueIdentifier>{7f4356c0-ca69-4313-bdb8-809f92859e25}</UniqueIdentifier>
    </Filter>
    <Filter Include="Header Files\UI">
      <UniqueIdentifier>{818b273b-b4ff-44d1-b40a-742524e12a0d}</UniqueIdentifier>
    </Filter>
  </ItemGroup>
  <ItemGroup>
    <ClCompile Include="playtest.txt">
      <Filter>Resource Files</Filter>
    </ClCompile>
    <ClCompile Include="main.cpp">
      <Filter>Source Files</Filter>
    </ClCompile>
    <ClCompile Include="Config.cpp">
      <Filter>Source Files</Filter>
    </ClCompile>
    <ClCompile Include="SingleAnimation.cpp">
      <Filter>Source Files\Entities\AnimationMangement</Filter>
    </ClCompile>
    <ClCompile Include="AnimationHandler.cpp">
      <Filter>Source Files\Entities\AnimationMangement</Filter>
    </ClCompile>
    <ClCompile Include="Movement.cpp">
      <Filter>Source Files\Entities\Movement</Filter>
    </ClCompile>
    <ClCompile Include="MainCharacter.cpp">
      <Filter>Source Files\Entities\Creature</Filter>
    </ClCompile>
    <ClCompile Include="GameState.cpp">
      <Filter>Source Files\Logic</Filter>
    </ClCompile>
    <ClCompile Include="GameLogic.cpp">
      <Filter>Source Files\Logic</Filter>
    </ClCompile>
    <ClCompile Include="Block.cpp">
      <Filter>Source Files\LevelBuilding</Filter>
    </ClCompile>
    <ClCompile Include="Level.cpp">
      <Filter>Source Files\LevelBuilding</Filter>
    </ClCompile>
    <ClCompile Include="Drawer.cpp">
      <Filter>Source Files\LevelBuilding</Filter>
    </ClCompile>
    <ClCompile Include="timer.cpp">
      <Filter>Source Files</Filter>
    </ClCompile>
    <ClCompile Include="Character.cpp">
      <Filter>Source Files\Entities\Creature</Filter>
    </ClCompile>
    <ClCompile Include="Goblin.cpp">
      <Filter>Source Files\Entities\Creature</Filter>
    </ClCompile>
    <ClCompile Include="Skeleton.cpp">
      <Filter>Source Files\Entities\Creature</Filter>
    </ClCompile>
    <ClCompile Include="EntityManagement.cpp">
      <Filter>Source Files\LevelBuilding</Filter>
    </ClCompile>
    <ClCompile Include="Entity.cpp">
      <Filter>Source Files\Logic</Filter>
    </ClCompile>
    <ClCompile Include="EnemyBlock.cpp">
      <Filter>Source Files\LevelBuilding</Filter>
    </ClCompile>
  </ItemGroup>
  <ItemGroup>
    <ClInclude Include="EventHandler.h">
      <Filter>Header Files</Filter>
    </ClInclude>
    <ClInclude Include="AnimationHandler.h">
      <Filter>Header Files\Entities\AnimationManagement</Filter>
    </ClInclude>
    <ClInclude Include="SingleAnimation.h">
      <Filter>Header Files\Entities\AnimationManagement</Filter>
    </ClInclude>
    <ClInclude Include="Movement.h">
      <Filter>Header Files\Entities\Movement</Filter>
    </ClInclude>
    <ClInclude Include="GameState.h">
      <Filter>Header Files\Logic</Filter>
    </ClInclude>
    <ClInclude Include="GameLogic.h">
      <Filter>Header Files\Logic</Filter>
    </ClInclude>
    <ClInclude Include="BorderMapManagement.h">
      <Filter>Header Files\LevelHandling</Filter>
    </ClInclude>
    <ClInclude Include="Border.h">
      <Filter>Header Files\LevelHandling</Filter>
    </ClInclude>
    <ClInclude Include="Config.h">
      <Filter>Header Files\Logic</Filter>
    </ClInclude>
    <ClInclude Include="timer.h">
      <Filter>Header Files</Filter>
    </ClInclude>
    <ClInclude Include="Miscallenious.h">
      <Filter>Header Files\Helpful</Filter>
    </ClInclude>
    <ClInclude Include="RandomGet.h">
      <Filter>Header Files\Helpful</Filter>
    </ClInclude>
    <ClInclude Include="Character.h">
      <Filter>Header Files\Entities\Creatures</Filter>
    </ClInclude>
    <ClInclude Include="Trigger.h">
      <Filter>Header Files\Triggers</Filter>
    </ClInclude>
    <ClInclude Include="LevelBuilding.h">
      <Filter>Header Files\LevelHandling</Filter>
    </ClInclude>
    <ClInclude Include="EntityManagement.h">
      <Filter>Header Files\LevelHandling</Filter>
    </ClInclude>
  </ItemGroup>
</Project>